
Microsoft Visual Studio Solution File, Format Version 12.00
# Visual Studio Version 17
VisualStudioVersion = 17.7.34302.85
MinimumVisualStudioVersion = 10.0.40219.1
Project("{8BC9CEB8-8B4A-11D0-8D11-00A0C91BC942}") = "Hash", "Hash\Hash.vcxproj", "{872B4B02-699C-432A-AF5F-1381E8039796}"
EndProject
Global
	GlobalSection(SolutionConfigurationPlatforms) = preSolution
		Debug|x64 = Debug|x64
		Debug|x86 = Debug|x86
		Release|x64 = Release|x64
		Release|x86 = Release|x86
	EndGlobalSection
	GlobalSection(ProjectConfigurationPlatforms) = postSolution
		{872B4B02-699C-432A-AF5F-1381E8039796}.Debug|x64.ActiveCfg = Debug|x64
		{872B4B02-699C-432A-AF5F-1381E8039796}.Debug|x64.Build.0 = Debug|x64
		{872B4B02-699C-432A-AF5F-1381E8039796}.Debug|x86.ActiveCfg = Debug|Win32
		{872B4B02-699C-432A-AF5F-1381E8039796}.Debug|x86.Build.0 = Debug|Win32
		{872B4B02-699C-432A-AF5F-1381E8039796}.Release|x64.ActiveCfg = Release|x64
		{872B4B02-699C-432A-AF5F-1381E8039796}.Release|x64.Build.0 = Release|x64
		{872B4B02-699C-432A-AF5F-1381E8039796}.Release|x86.ActiveCfg = Release|Win32
		{872B4B02-699C-432A-AF5F-1381E8039796}.Release|x86.Build.0 = Release|Win32
	EndGlobalSection
	GlobalSection(SolutionProperties) = preSolution
		HideSolutionNode = FALSE
	EndGlobalSection
	GlobalSection(ExtensibilityGlobals) = postSolution
		SolutionGuid = {C6CE47BE-0561-4FA8-87C3-50049DAA2F5D}
	EndGlobalSection
EndGlobal
